<?xml version="1.0" encoding="utf-8"?>
<Project ToolsVersion="4.0" xmlns="http://schemas.microsoft.com/developer/msbuild/2003">
  <ItemGroup>
    <Filter Include="소스 파일">
      <UniqueIdentifier>{4FC737F1-C7A5-4376-A066-2A32D752A2FF}</UniqueIdentifier>
      <Extensions>cpp;c;cc;cxx;c++;cppm;ixx;def;odl;idl;hpj;bat;asm;asmx</Extensions>
    </Filter>
    <Filter Include="헤더 파일">
      <UniqueIdentifier>{93995380-89BD-4b04-88EB-625FBE52EBFB}</UniqueIdentifier>
      <Extensions>h;hh;hpp;hxx;h++;hm;inl;inc;ipp;xsd</Extensions>
    </Filter>
    <Filter Include="리소스 파일">
      <UniqueIdentifier>{67DA6AB6-F800-4c08-8B7A-83BB121AAD01}</UniqueIdentifier>
      <Extensions>rc;ico;cur;bmp;dlg;rc2;rct;bin;rgs;gif;jpg;jpeg;jpe;resx;tiff;tif;png;wav;mfcribbon-ms</Extensions>
    </Filter>
    <Filter Include="Shader">
      <UniqueIdentifier>{dbffb632-ae78-4c1f-a143-1fe792ca3118}</UniqueIdentifier>
    </Filter>
    <Filter Include="ImGUI">
      <UniqueIdentifier>{539eb603-241a-4414-83f5-7bc69d8400b6}</UniqueIdentifier>
    </Filter>
    <Filter Include="소스 파일\Engine">
      <UniqueIdentifier>{37e45c02-dc42-45df-8932-1c4b50e00b38}</UniqueIdentifier>
    </Filter>
    <Filter Include="소스 파일\UI">
      <UniqueIdentifier>{2fe37f58-bb63-4116-a77f-85565461436c}</UniqueIdentifier>
    </Filter>
    <Filter Include="소스 파일\Util">
      <UniqueIdentifier>{5635e777-6892-423e-9cc9-1a90cf1f849a}</UniqueIdentifier>
    </Filter>
    <Filter Include="소스 파일\UObject">
      <UniqueIdentifier>{dd5ad368-7370-4d57-a1cc-3c9d8ae760e0}</UniqueIdentifier>
    </Filter>
    <Filter Include="소스 파일\UWorld">
      <UniqueIdentifier>{00b81433-b43c-4652-aa8e-019c05dddf06}</UniqueIdentifier>
    </Filter>
    <Filter Include="헤더 파일\Engine">
      <UniqueIdentifier>{739c1bf2-e7ba-4c3e-8632-a87abeb556bd}</UniqueIdentifier>
    </Filter>
    <Filter Include="헤더 파일\UWorld">
      <UniqueIdentifier>{a95456ba-bf83-4321-b782-33ace1c5ab12}</UniqueIdentifier>
    </Filter>
    <Filter Include="헤더 파일\UObject">
      <UniqueIdentifier>{e03fbe86-9690-434b-99a1-641ed124f519}</UniqueIdentifier>
    </Filter>
    <Filter Include="헤더 파일\Util">
      <UniqueIdentifier>{16d27057-7b62-4ff5-bc16-8de883779e59}</UniqueIdentifier>
    </Filter>
    <Filter Include="헤더 파일\UI">
      <UniqueIdentifier>{a0fc579c-d27f-4acf-a930-6cb2178bd3ff}</UniqueIdentifier>
    </Filter>
  </ItemGroup>
  <ItemGroup>
    <ClCompile Include="ImGUI\imgui.cpp">
      <Filter>ImGUI</Filter>
    </ClCompile>
    <ClCompile Include="ImGUI\imgui_demo.cpp">
      <Filter>ImGUI</Filter>
    </ClCompile>
    <ClCompile Include="ImGUI\imgui_draw.cpp">
      <Filter>ImGUI</Filter>
    </ClCompile>
    <ClCompile Include="ImGUI\imgui_impl_dx11.cpp">
      <Filter>ImGUI</Filter>
    </ClCompile>
    <ClCompile Include="ImGUI\imgui_impl_win32.cpp">
      <Filter>ImGUI</Filter>
    </ClCompile>
    <ClCompile Include="ImGUI\imgui_tables.cpp">
      <Filter>ImGUI</Filter>
    </ClCompile>
    <ClCompile Include="ImGUI\imgui_widgets.cpp">
      <Filter>ImGUI</Filter>
    </ClCompile>
    <ClCompile Include="Input.cpp">
      <Filter>소스 파일\Engine</Filter>
    </ClCompile>
    <ClCompile Include="Object.cpp">
      <Filter>소스 파일\UObject</Filter>
    </ClCompile>
    <ClCompile Include="World.cpp">
      <Filter>소스 파일\UWorld</Filter>
    </ClCompile>
    <ClCompile Include="Launch.cpp">
      <Filter>소스 파일</Filter>
    </ClCompile>
    <ClCompile Include="EngineLoop.cpp">
      <Filter>소스 파일\Engine</Filter>
    </ClCompile>
    <ClCompile Include="GraphicDevice.cpp">
      <Filter>소스 파일\Engine</Filter>
    </ClCompile>
    <ClCompile Include="ImGuiManager.cpp">
      <Filter>소스 파일\UI</Filter>
    </ClCompile>
    <ClCompile Include="JungleMath.cpp">
      <Filter>소스 파일\Util</Filter>
    </ClCompile>
    <ClCompile Include="ObjectFactory.cpp">
      <Filter>소스 파일\Util</Filter>
    </ClCompile>
    <ClCompile Include="SceneComponent.cpp">
      <Filter>소스 파일\UObject</Filter>
    </ClCompile>
    <ClCompile Include="SceneManager.cpp">
      <Filter>소스 파일\Engine</Filter>
    </ClCompile>
    <ClCompile Include="CameraComponent.cpp">
      <Filter>소스 파일\UObject</Filter>
    </ClCompile>
    <ClCompile Include="PrimitiveComponent.cpp">
      <Filter>소스 파일\UObject</Filter>
    </ClCompile>
    <ClCompile Include="Player.cpp">
      <Filter>소스 파일\UObject</Filter>
    </ClCompile>
    <ClCompile Include="ControlPanel.cpp">
      <Filter>소스 파일\UI</Filter>
    </ClCompile>
    <ClCompile Include="Console.cpp">
      <Filter>소스 파일\UI</Filter>
    </ClCompile>
    <ClCompile Include="CubeComponent.cpp">
      <Filter>소스 파일\UObject</Filter>
    </ClCompile>
    <ClCompile Include="Define.cpp">
      <Filter>소스 파일\Util</Filter>
    </ClCompile>
    <ClCompile Include="Renderer.cpp">
      <Filter>소스 파일\Engine</Filter>
    </ClCompile>
    <ClCompile Include="ResourceManager.cpp">
      <Filter>소스 파일\Engine</Filter>
    </ClCompile>
    <ClCompile Include="SphereComponent.cpp">
      <Filter>소스 파일\UObject</Filter>
    </ClCompile>
    <ClCompile Include="PropertyPanel.cpp">
      <Filter>소스 파일\UI</Filter>
    </ClCompile>
    <ClCompile Include="ArrowComponent.cpp">
      <Filter>소스 파일\UObject</Filter>
    </ClCompile>
    <ClCompile Include="GizmoComponent.cpp">
      <Filter>소스 파일\UObject</Filter>
    </ClCompile>
  </ItemGroup>
  <ItemGroup>
    <FxCompile Include="ShaderW0.hlsl">
      <Filter>Shader</Filter>
    </FxCompile>
  </ItemGroup>
  <ItemGroup>
    <ClInclude Include="ImGUI\imconfig.h">
      <Filter>ImGUI</Filter>
    </ClInclude>
    <ClInclude Include="ImGUI\imgui.h">
      <Filter>ImGUI</Filter>
    </ClInclude>
    <ClInclude Include="ImGUI\imgui_impl_dx11.h">
      <Filter>ImGUI</Filter>
    </ClInclude>
    <ClInclude Include="ImGUI\imgui_impl_win32.h">
      <Filter>ImGUI</Filter>
    </ClInclude>
    <ClInclude Include="ImGUI\imgui_internal.h">
      <Filter>ImGUI</Filter>
    </ClInclude>
    <ClInclude Include="ImGUI\imstb_rectpack.h">
      <Filter>ImGUI</Filter>
    </ClInclude>
    <ClInclude Include="ImGUI\imstb_textedit.h">
      <Filter>ImGUI</Filter>
    </ClInclude>
    <ClInclude Include="ImGUI\imstb_truetype.h">
      <Filter>ImGUI</Filter>
    </ClInclude>
    <ClInclude Include="Define.h">
      <Filter>헤더 파일\Util</Filter>
    </ClInclude>
    <ClInclude Include="Input.h">
      <Filter>헤더 파일\Engine</Filter>
    </ClInclude>
    <ClInclude Include="Object.h">
      <Filter>헤더 파일\UObject</Filter>
    </ClInclude>
    <ClInclude Include="SceneComponent.h">
      <Filter>헤더 파일\UObject</Filter>
    </ClInclude>
    <ClInclude Include="Sphere.h">
      <Filter>리소스 파일</Filter>
    </ClInclude>
    <ClInclude Include="World.h">
      <Filter>헤더 파일\UWorld</Filter>
    </ClInclude>
    <ClInclude Include="EngineLoop.h">
      <Filter>헤더 파일\Engine</Filter>
    </ClInclude>
    <ClInclude Include="GraphicDevice.h">
      <Filter>헤더 파일\Engine</Filter>
    </ClInclude>
    <ClInclude Include="ImGuiManager.h">
      <Filter>헤더 파일\UI</Filter>
    </ClInclude>
    <ClInclude Include="JungleMath.h">
      <Filter>헤더 파일\Util</Filter>
    </ClInclude>
    <ClInclude Include="ObjectFactory.h">
      <Filter>헤더 파일\Util</Filter>
    </ClInclude>
    <ClInclude Include="SceneManager.h">
      <Filter>헤더 파일\Engine</Filter>
    </ClInclude>
    <ClInclude Include="json.hpp">
      <Filter>헤더 파일</Filter>
    </ClInclude>
    <ClInclude Include="CameraComponent.h">
      <Filter>헤더 파일\UObject</Filter>
    </ClInclude>
    <ClInclude Include="PrimitiveComponent.h">
      <Filter>헤더 파일\UObject</Filter>
    </ClInclude>
    <ClInclude Include="Player.h">
      <Filter>헤더 파일\UObject</Filter>
    </ClInclude>
    <ClInclude Include="ControlPanel.h">
      <Filter>헤더 파일\UI</Filter>
    </ClInclude>
    <ClInclude Include="Console.h">
      <Filter>헤더 파일\UI</Filter>
    </ClInclude>
    <ClInclude Include="CubeComponent.h">
      <Filter>헤더 파일\UObject</Filter>
    </ClInclude>
    <ClInclude Include="Renderer.h">
      <Filter>헤더 파일\Engine</Filter>
    </ClInclude>
    <ClInclude Include="ResourceManager.h">
      <Filter>헤더 파일\Engine</Filter>
    </ClInclude>
    <ClInclude Include="Arrow.h">
      <Filter>리소스 파일</Filter>
    </ClInclude>
    <ClInclude Include="Cube.h">
      <Filter>리소스 파일</Filter>
    </ClInclude>
    <ClInclude Include="Gizmo.h">
      <Filter>리소스 파일</Filter>
    </ClInclude>
    <ClInclude Include="SphereComponent.h">
      <Filter>헤더 파일\UObject</Filter>
    </ClInclude>
    <ClInclude Include="PropertyPanel.h">
      <Filter>헤더 파일\UI</Filter>
    </ClInclude>
    <ClInclude Include="ArrowComponent.h">
      <Filter>헤더 파일\UObject</Filter>
    </ClInclude>
    <ClInclude Include="GizmoComponent.h">
      <Filter>헤더 파일\UObject</Filter>
    </ClInclude>
  </ItemGroup>
</Project>